// !$*UTF8*$!
{
	archiveVersion = 1;
	classes = {
	};
	objectVersion = 50;
	objects = {

/* Begin PBXBuildFile section */
		73E58C02D29E6E200D76B51C /* Pods_MVVM_TableView.framework in Frameworks */ = {isa = PBXBuildFile; fileRef = FB36CD2E6234040958CC69F3 /* Pods_MVVM_TableView.framework */; };
		A63A82B722E85018003BA15F /* ViewModel.swift in Sources */ = {isa = PBXBuildFile; fileRef = A63A82B622E85018003BA15F /* ViewModel.swift */; };
		A63A82BA22E85B2E003BA15F /* ViewCell.swift in Sources */ = {isa = PBXBuildFile; fileRef = A63A82B822E85B2E003BA15F /* ViewCell.swift */; };
		A63A82BB22E85B2E003BA15F /* ViewCell.xib in Resources */ = {isa = PBXBuildFile; fileRef = A63A82B922E85B2E003BA15F /* ViewCell.xib */; };
		A6FC1C3922E84F630019D15F /* AppDelegate.swift in Sources */ = {isa = PBXBuildFile; fileRef = A6FC1C3822E84F630019D15F /* AppDelegate.swift */; };
		A6FC1C3B22E84F630019D15F /* ViewController.swift in Sources */ = {isa = PBXBuildFile; fileRef = A6FC1C3A22E84F630019D15F /* ViewController.swift */; };
		A6FC1C3E22E84F630019D15F /* Main.storyboard in Resources */ = {isa = PBXBuildFile; fileRef = A6FC1C3C22E84F630019D15F /* Main.storyboard */; };
		A6FC1C4022E84F640019D15F /* Assets.xcassets in Resources */ = {isa = PBXBuildFile; fileRef = A6FC1C3F22E84F640019D15F /* Assets.xcassets */; };
		A6FC1C4322E84F640019D15F /* LaunchScreen.storyboard in Resources */ = {isa = PBXBuildFile; fileRef = A6FC1C4122E84F640019D15F /* LaunchScreen.storyboard */; };
		A6FC1C4D22E84F7B0019D15F /* content.json in Resources */ = {isa = PBXBuildFile; fileRef = A6FC1C4B22E84F7B0019D15F /* content.json */; };
		A6FC1C4E22E84F7B0019D15F /* APIService.swift in Sources */ = {isa = PBXBuildFile; fileRef = A6FC1C4C22E84F7B0019D15F /* APIService.swift */; };
		A6FC1C5022E84F8A0019D15F /* photo.swift in Sources */ = {isa = PBXBuildFile; fileRef = A6FC1C4F22E84F8A0019D15F /* photo.swift */; };
/* End PBXBuildFile section */

/* Begin PBXFileReference section */
		101BD61F7FBDA8B0465D7C11 /* Pods-MVVM-TableView.release.xcconfig */ = {isa = PBXFileReference; includeInIndex = 1; lastKnownFileType = text.xcconfig; name = "Pods-MVVM-TableView.release.xcconfig"; path = "Pods/Target Support Files/Pods-MVVM-TableView/Pods-MVVM-TableView.release.xcconfig"; sourceTree = "<group>"; };
		6BECBA2F51BBE5A99C50D06C /* Pods-MVVM-TableView.debug.xcconfig */ = {isa = PBXFileReference; includeInIndex = 1; lastKnownFileType = text.xcconfig; name = "Pods-MVVM-TableView.debug.xcconfig"; path = "Pods/Target Support Files/Pods-MVVM-TableView/Pods-MVVM-TableView.debug.xcconfig"; sourceTree = "<group>"; };
		A63A82B622E85018003BA15F /* ViewModel.swift */ = {isa = PBXFileReference; lastKnownFileType = sourcecode.swift; path = ViewModel.swift; sourceTree = "<group>"; };
		A63A82B822E85B2E003BA15F /* ViewCell.swift */ = {isa = PBXFileReference; lastKnownFileType = sourcecode.swift; path = ViewCell.swift; sourceTree = "<group>"; };
		A63A82B922E85B2E003BA15F /* ViewCell.xib */ = {isa = PBXFileReference; lastKnownFileType = file.xib; path = ViewCell.xib; sourceTree = "<group>"; };
		A6FC1C3522E84F630019D15F /* MVVM-TableView.app */ = {isa = PBXFileReference; explicitFileType = wrapper.application; includeInIndex = 0; path = "MVVM-TableView.app"; sourceTree = BUILT_PRODUCTS_DIR; };
		A6FC1C3822E84F630019D15F /* AppDelegate.swift */ = {isa = PBXFileReference; lastKnownFileType = sourcecode.swift; path = AppDelegate.swift; sourceTree = "<group>"; };
		A6FC1C3A22E84F630019D15F /* ViewController.swift */ = {isa = PBXFileReference; lastKnownFileType = sourcecode.swift; path = ViewController.swift; sourceTree = "<group>"; };
		A6FC1C3D22E84F630019D15F /* Base */ = {isa = PBXFileReference; lastKnownFileType = file.storyboard; name = Base; path = Base.lproj/Main.storyboard; sourceTree = "<group>"; };
		A6FC1C3F22E84F640019D15F /* Assets.xcassets */ = {isa = PBXFileReference; lastKnownFileType = folder.assetcatalog; path = Assets.xcassets; sourceTree = "<group>"; };
		A6FC1C4222E84F640019D15F /* Base */ = {isa = PBXFileReference; lastKnownFileType = file.storyboard; name = Base; path = Base.lproj/LaunchScreen.storyboard; sourceTree = "<group>"; };
		A6FC1C4422E84F640019D15F /* Info.plist */ = {isa = PBXFileReference; lastKnownFileType = text.plist.xml; path = Info.plist; sourceTree = "<group>"; };
		A6FC1C4B22E84F7B0019D15F /* content.json */ = {isa = PBXFileReference; fileEncoding = 4; lastKnownFileType = text.json; path = content.json; sourceTree = "<group>"; };
		A6FC1C4C22E84F7B0019D15F /* APIService.swift */ = {isa = PBXFileReference; fileEncoding = 4; lastKnownFileType = sourcecode.swift; path = APIService.swift; sourceTree = "<group>"; };
		A6FC1C4F22E84F8A0019D15F /* photo.swift */ = {isa = PBXFileReference; fileEncoding = 4; lastKnownFileType = sourcecode.swift; path = photo.swift; sourceTree = "<group>"; };
		FB36CD2E6234040958CC69F3 /* Pods_MVVM_TableView.framework */ = {isa = PBXFileReference; explicitFileType = wrapper.framework; includeInIndex = 0; path = Pods_MVVM_TableView.framework; sourceTree = BUILT_PRODUCTS_DIR; };
/* End PBXFileReference section */

/* Begin PBXFrameworksBuildPhase section */
		A6FC1C3222E84F630019D15F /* Frameworks */ = {
			isa = PBXFrameworksBuildPhase;
			buildActionMask = 2147483647;
			files = (
				73E58C02D29E6E200D76B51C /* Pods_MVVM_TableView.framework in Frameworks */,
			);
			runOnlyForDeploymentPostprocessing = 0;
		};
/* End PBXFrameworksBuildPhase section */

/* Begin PBXGroup section */
		1D72623296533EDEFCDECE9B /* Frameworks */ = {
			isa = PBXGroup;
			children = (
				FB36CD2E6234040958CC69F3 /* Pods_MVVM_TableView.framework */,
			);
			name = Frameworks;
			sourceTree = "<group>";
		};
		A6FC1C2C22E84F630019D15F = {
			isa = PBXGroup;
			children = (
				A6FC1C3722E84F630019D15F /* MVVM-TableView */,
				A6FC1C3622E84F630019D15F /* Products */,
				CF4E79D1901F7CC7C709E6FC /* Pods */,
				1D72623296533EDEFCDECE9B /* Frameworks */,
			);
			sourceTree = "<group>";
		};
		A6FC1C3622E84F630019D15F /* Products */ = {
			isa = PBXGroup;
			children = (
				A6FC1C3522E84F630019D15F /* MVVM-TableView.app */,
			);
			name = Products;
			sourceTree = "<group>";
		};
		A6FC1C3722E84F630019D15F /* MVVM-TableView */ = {
			isa = PBXGroup;
			children = (
				A6FC1C4A22E84F7B0019D15F /* Service */,
				A6FC1C3822E84F630019D15F /* AppDelegate.swift */,
				A6FC1C3A22E84F630019D15F /* ViewController.swift */,
				A63A82B622E85018003BA15F /* ViewModel.swift */,
				A63A82B822E85B2E003BA15F /* ViewCell.swift */,
				A63A82B922E85B2E003BA15F /* ViewCell.xib */,
				A6FC1C4F22E84F8A0019D15F /* photo.swift */,
				A6FC1C3C22E84F630019D15F /* Main.storyboard */,
				A6FC1C3F22E84F640019D15F /* Assets.xcassets */,
				A6FC1C4122E84F640019D15F /* LaunchScreen.storyboard */,
				A6FC1C4422E84F640019D15F /* Info.plist */,
			);
			path = "MVVM-TableView";
			sourceTree = "<group>";
		};
		A6FC1C4A22E84F7B0019D15F /* Service */ = {
			isa = PBXGroup;
			children = (
				A6FC1C4B22E84F7B0019D15F /* content.json */,
				A6FC1C4C22E84F7B0019D15F /* APIService.swift */,
			);
			path = Service;
			sourceTree = "<group>";
		};
		CF4E79D1901F7CC7C709E6FC /* Pods */ = {
			isa = PBXGroup;
			children = (
				6BECBA2F51BBE5A99C50D06C /* Pods-MVVM-TableView.debug.xcconfig */,
				101BD61F7FBDA8B0465D7C11 /* Pods-MVVM-TableView.release.xcconfig */,
			);
			name = Pods;
			sourceTree = "<group>";
		};
/* End PBXGroup section */

/* Begin PBXNativeTarget section */
		A6FC1C3422E84F630019D15F /* MVVM-TableView */ = {
			isa = PBXNativeTarget;
			buildConfigurationList = A6FC1C4722E84F640019D15F /* Build configuration list for PBXNativeTarget "MVVM-TableView" */;
			buildPhases = (
				5D56F474221BBB0D7510064E /* [CP] Check Pods Manifest.lock */,
				A6FC1C3122E84F630019D15F /* Sources */,
				A6FC1C3222E84F630019D15F /* Frameworks */,
				A6FC1C3322E84F630019D15F /* Resources */,
				A6EAAAC77A6D7E5F311BF3D8 /* [CP] Embed Pods Frameworks */,
			);
			buildRules = (
			);
			dependencies = (
			);
			name = "MVVM-TableView";
			productName = "MVVM-TableView";
			productReference = A6FC1C3522E84F630019D15F /* MVVM-TableView.app */;
			productType = "com.apple.product-type.application";
		};
/* End PBXNativeTarget section */

/* Begin PBXProject section */
		A6FC1C2D22E84F630019D15F /* Project object */ = {
			isa = PBXProject;
			attributes = {
				LastSwiftUpdateCheck = 1020;
				LastUpgradeCheck = 1020;
				ORGANIZATIONNAME = feilei;
				TargetAttributes = {
					A6FC1C3422E84F630019D15F = {
						CreatedOnToolsVersion = 10.2;
					};
				};
			};
			buildConfigurationList = A6FC1C3022E84F630019D15F /* Build configuration list for PBXProject "MVVM-TableView" */;
			compatibilityVersion = "Xcode 9.3";
			developmentRegion = en;
			hasScannedForEncodings = 0;
			knownRegions = (
				en,
				Base,
			);
			mainGroup = A6FC1C2C22E84F630019D15F;
			productRefGroup = A6FC1C3622E84F630019D15F /* Products */;
			projectDirPath = "";
			projectRoot = "";
			targets = (
				A6FC1C3422E84F630019D15F /* MVVM-TableView */,
			);
		};
/* End PBXProject section */

/* Begin PBXResourcesBuildPhase section */
		A6FC1C3322E84F630019D15F /* Resources */ = {
			isa = PBXResourcesBuildPhase;
			buildActionMask = 2147483647;
			files = (
				A6FC1C4322E84F640019D15F /* LaunchScreen.storyboard in Resources */,
				A6FC1C4022E84F640019D15F /* Assets.xcassets in Resources */,
				A6FC1C3E22E84F630019D15F /* Main.storyboard in Resources */,
				A6FC1C4D22E84F7B0019D15F /* content.json in Resources */,
				A63A82BB22E85B2E003BA15F /* ViewCell.xib in Resources */,
			);
			runOnlyForDeploymentPostprocessing = 0;
		};
/* End PBXResourcesBuildPhase section */

/* Begin PBXShellScriptBuildPhase section */
		5D56F474221BBB0D7510064E /* [CP] Check Pods Manifest.lock */ = {
			isa = PBXShellScriptBuildPhase;
			buildActionMask = 2147483647;
			files = (
			);
			inputFileListPaths = (
			);
			inputPaths = (
				"${PODS_PODFILE_DIR_PATH}/Podfile.lock",
				"${PODS_ROOT}/Manifest.lock",
			);
			name = "[CP] Check Pods Manifest.lock";
			outputFileListPaths = (
			);
			outputPaths = (
				"$(DERIVED_FILE_DIR)/Pods-MVVM-TableView-checkManifestLockResult.txt",
			);
			runOnlyForDeploymentPostprocessing = 0;
			shellPath = /bin/sh;
			shellScript = "diff \"${PODS_PODFILE_DIR_PATH}/Podfile.lock\" \"${PODS_ROOT}/Manifest.lock\" > /dev/null\nif [ $? != 0 ] ; then\n    # print error to STDERR\n    echo \"error: The sandbox is not in sync with the Podfile.lock. Run 'pod install' or update your CocoaPods installation.\" >&2\n    exit 1\nfi\n# This output is used by Xcode 'outputs' to avoid re-running this script phase.\necho \"SUCCESS\" > \"${SCRIPT_OUTPUT_FILE_0}\"\n";
			showEnvVarsInLog = 0;
		};
		A6EAAAC77A6D7E5F311BF3D8 /* [CP] Embed Pods Frameworks */ = {
			isa = PBXShellScriptBuildPhase;
			buildActionMask = 2147483647;
			files = (
			);
			inputFileListPaths = (
			);
			inputPaths = (
				"${SRCROOT}/Pods/Target Support Files/Pods-MVVM-TableView/Pods-MVVM-TableView-frameworks.sh",
				"${BUILT_PRODUCTS_DIR}/SDWebImage/SDWebImage.framework",
			);
			name = "[CP] Embed Pods Frameworks";
			outputFileListPaths = (
			);
			outputPaths = (
				"${TARGET_BUILD_DIR}/${FRAMEWORKS_FOLDER_PATH}/SDWebImage.framework",
			);
			runOnlyForDeploymentPostprocessing = 0;
			shellPath = /bin/sh;
			shellScript = "\"${SRCROOT}/Pods/Target Support Files/Pods-MVVM-TableView/Pods-MVVM-TableView-frameworks.sh\"\n";
			showEnvVarsInLog = 0;
		};
/* End PBXShellScriptBuildPhase section */

/* Begin PBXSourcesBuildPhase section */
		A6FC1C3122E84F630019D15F /* Sources */ = {
			isa = PBXSourcesBuildPhase;
			buildActionMask = 2147483647;
			files = (
				A63A82BA22E85B2E003BA15F /* ViewCell.swift in Sources */,
				A63A82B722E85018003BA15F /* ViewModel.swift in Sources */,
				A6FC1C5022E84F8A0019D15F /* photo.swift in Sources */,
				A6FC1C3B22E84F630019D15F /* ViewController.swift in Sources */,
				A6FC1C4E22E84F7B0019D15F /* APIService.swift in Sources */,
				A6FC1C3922E84F630019D15F /* AppDelegate.swift in Sources */,
			);
			runOnlyForDeploymentPostprocessing = 0;
		};
/* End PBXSourcesBuildPhase section */

/* Begin PBXVariantGroup section */
		A6FC1C3C22E84F630019D15F /* Main.storyboard */ = {
			isa = PBXVariantGroup;
			children = (
				A6FC1C3D22E84F630019D15F /* Base */,
			);
			name = Main.storyboard;
			sourceTree = "<group>";
		};
		A6FC1C4122E84F640019D15F /* LaunchScreen.storyboard */ = {
			isa = PBXVariantGroup;
			children = (
				A6FC1C4222E84F640019D15F /* Base */,
			);
			name = LaunchScreen.storyboard;
			sourceTree = "<group>";
		};
/* End PBXVariantGroup section */

/* Begin XCBuildConfiguration section */
		A6FC1C4522E84F640019D15F /* Debug */ = {
			isa = XCBuildConfiguration;
			buildSettings = {
				ALWAYS_SEARCH_USER_PATHS = NO;
				CLANG_ANALYZER_NONNULL = YES;
				CLANG_ANALYZER_NUMBER_OBJECT_CONVERSION = YES_AGGRESSIVE;
				CLANG_CXX_LANGUAGE_STANDARD = "gnu++14";
				CLANG_CXX_LIBRARY = "libc++";
				CLANG_ENABLE_MODULES = YES;
				CLANG_ENABLE_OBJC_ARC = YES;
				CLANG_ENABLE_OBJC_WEAK = YES;
				CLANG_WARN_BLOCK_CAPTURE_AUTORELEASING = YES;
				CLANG_WARN_BOOL_CONVERSION = YES;
				CLANG_WARN_COMMA = YES;
				CLANG_WARN_CONSTANT_CONVERSION = YES;
				CLANG_WARN_DEPRECATED_OBJC_IMPLEMENTATIONS = YES;
				CLANG_WARN_DIRECT_OBJC_ISA_USAGE = YES_ERROR;
				CLANG_WARN_DOCUMENTATION_COMMENTS = YES;
				CLANG_WARN_EMPTY_BODY = YES;
				CLANG_WARN_ENUM_CONVERSION = YES;
				CLANG_WARN_INFINITE_RECURSION = YES;
				CLANG_WARN_INT_CONVERSION = YES;
				CLANG_WARN_NON_LITERAL_NULL_CONVERSION = YES;
				CLANG_WARN_OBJC_IMPLICIT_RETAIN_SELF = YES;
				CLANG_WARN_OBJC_LITERAL_CONVERSION = YES;
				CLANG_WARN_OBJC_ROOT_CLASS = YES_ERROR;
				CLANG_WARN_RANGE_LOOP_ANALYSIS = YES;
				CLANG_WARN_STRICT_PROTOTYPES = YES;
				CLANG_WARN_SUSPICIOUS_MOVE = YES;
				CLANG_WARN_UNGUARDED_AVAILABILITY = YES_AGGRESSIVE;
				CLANG_WARN_UNREACHABLE_CODE = YES;
				CLANG_WARN__DUPLICATE_METHOD_MATCH = YES;
				CODE_SIGN_IDENTITY = "iPhone Developer";
				COPY_PHASE_STRIP = NO;
				DEBUG_INFORMATION_FORMAT = dwarf;
				ENABLE_STRICT_OBJC_MSGSEND = YES;
				ENABLE_TESTABILITY = YES;
				GCC_C_LANGUAGE_STANDARD = gnu11;
				GCC_DYNAMIC_NO_PIC = NO;
				GCC_NO_COMMON_BLOCKS = YES;
				GCC_OPTIMIZATION_LEVEL = 0;
				GCC_PREPROCESSOR_DEFINITIONS = (
					"DEBUG=1",
					"$(inherited)",
				);
				GCC_WARN_64_TO_32_BIT_CONVERSION = YES;
				GCC_WARN_ABOUT_RETURN_TYPE = YES_ERROR;
				GCC_WARN_UNDECLARED_SELECTOR = YES;
				GCC_WARN_UNINITIALIZED_AUTOS = YES_AGGRESSIVE;
				GCC_WARN_UNUSED_FUNCTION = YES;
				GCC_WARN_UNUSED_VARIABLE = YES;
				IPHONEOS_DEPLOYMENT_TARGET = 12.2;
				MTL_ENABLE_DEBUG_INFO = INCLUDE_SOURCE;
				MTL_FAST_MATH = YES;
				ONLY_ACTIVE_ARCH = YES;
				SDKROOT = iphoneos;
				SWIFT_ACTIVE_COMPILATION_CONDITIONS = DEBUG;
				SWIFT_OPTIMIZATION_LEVEL = "-Onone";
			};
			name = Debug;
		};
		A6FC1C4622E84F640019D15F /* Release */ = {
			isa = XCBuildConfiguration;
			buildSettings = {
				ALWAYS_SEARCH_USER_PATHS = NO;
				CLANG_ANALYZER_NONNULL = YES;
				CLANG_ANALYZER_NUMBER_OBJECT_CONVERSION = YES_AGGRESSIVE;
				CLANG_CXX_LANGUAGE_STANDARD = "gnu++14";
				CLANG_CXX_LIBRARY = "libc++";
				CLANG_ENABLE_MODULES = YES;
				CLANG_ENABLE_OBJC_ARC = YES;
				CLANG_ENABLE_OBJC_WEAK = YES;
				CLANG_WARN_BLOCK_CAPTURE_AUTORELEASING = YES;
				CLANG_WARN_BOOL_CONVERSION = YES;
				CLANG_WARN_COMMA = YES;
				CLANG_WARN_CONSTANT_CONVERSION = YES;
				CLANG_WARN_DEPRECATED_OBJC_IMPLEMENTATIONS = YES;
				CLANG_WARN_DIRECT_OBJC_ISA_USAGE = YES_ERROR;
				CLANG_WARN_DOCUMENTATION_COMMENTS = YES;
				CLANG_WARN_EMPTY_BODY = YES;
				CLANG_WARN_ENUM_CONVERSION = YES;
				CLANG_WARN_INFINITE_RECURSION = YES;
				CLANG_WARN_INT_CONVERSION = YES;
				CLANG_WARN_NON_LITERAL_NULL_CONVERSION = YES;
				CLANG_WARN_OBJC_IMPLICIT_RETAIN_SELF = YES;
				CLANG_WARN_OBJC_LITERAL_CONVERSION = YES;
				CLANG_WARN_OBJC_ROOT_CLASS = YES_ERROR;
				CLANG_WARN_RANGE_LOOP_ANALYSIS = YES;
				CLANG_WARN_STRICT_PROTOTYPES = YES;
				CLANG_WARN_SUSPICIOUS_MOVE = YES;
				CLANG_WARN_UNGUARDED_AVAILABILITY = YES_AGGRESSIVE;
				CLANG_WARN_UNREACHABLE_CODE = YES;
				CLANG_WARN__DUPLICATE_METHOD_MATCH = YES;
				CODE_SIGN_IDENTITY = "iPhone Developer";
				COPY_PHASE_STRIP = NO;
				DEBUG_INFORMATION_FORMAT = "dwarf-with-dsym";
				ENABLE_NS_ASSERTIONS = NO;
				ENABLE_STRICT_OBJC_MSGSEND = YES;
				GCC_C_LANGUAGE_STANDARD = gnu11;
				GCC_NO_COMMON_BLOCKS = YES;
				GCC_WARN_64_TO_32_BIT_CONVERSION = YES;
				GCC_WARN_ABOUT_RETURN_TYPE = YES_ERROR;
				GCC_WARN_UNDECLARED_SELECTOR = YES;
				GCC_WARN_UNINITIALIZED_AUTOS = YES_AGGRESSIVE;
				GCC_WARN_UNUSED_FUNCTION = YES;
				GCC_WARN_UNUSED_VARIABLE = YES;
				IPHONEOS_DEPLOYMENT_TARGET = 12.2;
				MTL_ENABLE_DEBUG_INFO = NO;
				MTL_FAST_MATH = YES;
				SDKROOT = iphoneos;
				SWIFT_COMPILATION_MODE = wholemodule;
				SWIFT_OPTIMIZATION_LEVEL = "-O";
				VALIDATE_PRODUCT = YES;
			};
			name = Release;
		};
		A6FC1C4822E84F640019D15F /* Debug */ = {
			isa = XCBuildConfiguration;
			baseConfigurationReference = 6BECBA2F51BBE5A99C50D06C /* Pods-MVVM-TableView.debug.xcconfig */;
			buildSettings = {
				ASSETCATALOG_COMPILER_APPICON_NAME = AppIcon;
				CODE_SIGN_STYLE = Manual;
				DEVELOPMENT_TEAM = "";
				INFOPLIST_FILE = "MVVM-TableView/Info.plist";
				LD_RUNPATH_SEARCH_PATHS = (
					"$(inherited)",
					"@executable_path/Frameworks",
				);
				PRODUCT_BUNDLE_IDENTIFIER = "kpll.MVVM-TableView";
				PRODUCT_NAME = "$(TARGET_NAME)";
				PROVISIONING_PROFILE_SPECIFIER = "";
				SWIFT_VERSION = 5.0;
				TARGETED_DEVICE_FAMILY = "1,2";
			};
			name = Debug;
		};
		A6FC1C4922E84F640019D15F /* Release */ = {
			isa = XCBuildConfiguration;
			baseConfigurationReference = 101BD61F7FBDA8B0465D7C11 /* Pods-MVVM-TableView.release.xcconfig */;
			buildSettings = {
				ASSETCATALOG_COMPILER_APPICON_NAME = AppIcon;
				CODE_SIGN_STYLE = Manual;
				DEVELOPMENT_TEAM = "";
				INFOPLIST_FILE = "MVVM-TableView/Info.plist";
				LD_RUNPATH_SEARCH_PATHS = (
					"$(inherited)",
					"@executable_path/Frameworks",
				);
				PRODUCT_BUNDLE_IDENTIFIER = "kpll.MVVM-TableView";
				PRODUCT_NAME = "$(TARGET_NAME)";
				PROVISIONING_PROFILE_SPECIFIER = "";
				SWIFT_VERSION = 5.0;
				TARGETED_DEVICE_FAMILY = "1,2";
			};
			name = Release;
		};
/* End XCBuildConfiguration section */

/* Begin XCConfigurationList section */
		A6FC1C3022E84F630019D15F /* Build configuration list for PBXProject "MVVM-TableView" */ = {
			isa = XCConfigurationList;
			buildConfigurations = (
				A6FC1C4522E84F640019D15F /* Debug */,
				A6FC1C4622E84F640019D15F /* Release */,
			);
			defaultConfigurationIsVisible = 0;
			defaultConfigurationName = Release;
		};
		A6FC1C4722E84F640019D15F /* Build configuration list for PBXNativeTarget "MVVM-TableView" */ = {
			isa = XCConfigurationList;
			buildConfigurations = (
				A6FC1C4822E84F640019D15F /* Debug */,
				A6FC1C4922E84F640019D15F /* Release */,
			);
			defaultConfigurationIsVisible = 0;
			defaultConfigurationName = Release;
		};
/* End XCConfigurationList section */
	};
	rootObject = A6FC1C2D22E84F630019D15F /* Project object */;
}
